// !$*UTF8*$!
{
	archiveVersion = 1;
	classes = {
	};
	objectVersion = 56;
	objects = {

/* Begin PBXBuildFile section */
		1696A58C2AB901B3005CE285 /* audiofftApp.swift in Sources */ = {isa = PBXBuildFile; fileRef = 1696A58B2AB901B3005CE285 /* audiofftApp.swift */; };
		1696A58E2AB901B3005CE285 /* ContentView.swift in Sources */ = {isa = PBXBuildFile; fileRef = 1696A58D2AB901B3005CE285 /* ContentView.swift */; };
		1696A5902AB901B4005CE285 /* Assets.xcassets in Resources */ = {isa = PBXBuildFile; fileRef = 1696A58F2AB901B4005CE285 /* Assets.xcassets */; };
		1696A5932AB901B4005CE285 /* Preview Assets.xcassets in Resources */ = {isa = PBXBuildFile; fileRef = 1696A5922AB901B4005CE285 /* Preview Assets.xcassets */; };
		1696A59D2AB901B4005CE285 /* audiofftTests.swift in Sources */ = {isa = PBXBuildFile; fileRef = 1696A59C2AB901B4005CE285 /* audiofftTests.swift */; };
		1696A5A72AB901B4005CE285 /* audiofftUITests.swift in Sources */ = {isa = PBXBuildFile; fileRef = 1696A5A62AB901B4005CE285 /* audiofftUITests.swift */; };
		1696A5A92AB901B4005CE285 /* audiofftUITestsLaunchTests.swift in Sources */ = {isa = PBXBuildFile; fileRef = 1696A5A82AB901B4005CE285 /* audiofftUITestsLaunchTests.swift */; };
		1696A5B62AB90341005CE285 /* AudioManager.swift in Sources */ = {isa = PBXBuildFile; fileRef = 1696A5B52AB90341005CE285 /* AudioManager.swift */; };
/* End PBXBuildFile section */

/* Begin PBXContainerItemProxy section */
		1696A5992AB901B4005CE285 /* PBXContainerItemProxy */ = {
			isa = PBXContainerItemProxy;
			containerPortal = 1696A5802AB901B3005CE285 /* Project object */;
			proxyType = 1;
			remoteGlobalIDString = 1696A5872AB901B3005CE285;
			remoteInfo = audiofft;
		};
		1696A5A32AB901B4005CE285 /* PBXContainerItemProxy */ = {
			isa = PBXContainerItemProxy;
			containerPortal = 1696A5802AB901B3005CE285 /* Project object */;
			proxyType = 1;
			remoteGlobalIDString = 1696A5872AB901B3005CE285;
			remoteInfo = audiofft;
		};
/* End PBXContainerItemProxy section */

/* Begin PBXFileReference section */
		1696A5882AB901B3005CE285 /* audiofft.app */ = {isa = PBXFileReference; explicitFileType = wrapper.application; includeInIndex = 0; path = audiofft.app; sourceTree = BUILT_PRODUCTS_DIR; };
		1696A58B2AB901B3005CE285 /* audiofftApp.swift */ = {isa = PBXFileReference; lastKnownFileType = sourcecode.swift; path = audiofftApp.swift; sourceTree = "<group>"; };
		1696A58D2AB901B3005CE285 /* ContentView.swift */ = {isa = PBXFileReference; lastKnownFileType = sourcecode.swift; path = ContentView.swift; sourceTree = "<group>"; };
		1696A58F2AB901B4005CE285 /* Assets.xcassets */ = {isa = PBXFileReference; lastKnownFileType = folder.assetcatalog; path = Assets.xcassets; sourceTree = "<group>"; };
		1696A5922AB901B4005CE285 /* Preview Assets.xcassets */ = {isa = PBXFileReference; lastKnownFileType = folder.assetcatalog; path = "Preview Assets.xcassets"; sourceTree = "<group>"; };
		1696A5982AB901B4005CE285 /* audiofftTests.xctest */ = {isa = PBXFileReference; explicitFileType = wrapper.cfbundle; includeInIndex = 0; path = audiofftTests.xctest; sourceTree = BUILT_PRODUCTS_DIR; };
		1696A59C2AB901B4005CE285 /* audiofftTests.swift */ = {isa = PBXFileReference; lastKnownFileType = sourcecode.swift; path = audiofftTests.swift; sourceTree = "<group>"; };
		1696A5A22AB901B4005CE285 /* audiofftUITests.xctest */ = {isa = PBXFileReference; explicitFileType = wrapper.cfbundle; includeInIndex = 0; path = audiofftUITests.xctest; sourceTree = BUILT_PRODUCTS_DIR; };
		1696A5A62AB901B4005CE285 /* audiofftUITests.swift */ = {isa = PBXFileReference; lastKnownFileType = sourcecode.swift; path = audiofftUITests.swift; sourceTree = "<group>"; };
		1696A5A82AB901B4005CE285 /* audiofftUITestsLaunchTests.swift */ = {isa = PBXFileReference; lastKnownFileType = sourcecode.swift; path = audiofftUITestsLaunchTests.swift; sourceTree = "<group>"; };
		1696A5B52AB90341005CE285 /* AudioManager.swift */ = {isa = PBXFileReference; lastKnownFileType = sourcecode.swift; path = AudioManager.swift; sourceTree = "<group>"; };
/* End PBXFileReference section */

/* Begin PBXFrameworksBuildPhase section */
		1696A5852AB901B3005CE285 /* Frameworks */ = {
			isa = PBXFrameworksBuildPhase;
			buildActionMask = 2147483647;
			files = (
			);
			runOnlyForDeploymentPostprocessing = 0;
		};
		1696A5952AB901B4005CE285 /* Frameworks */ = {
			isa = PBXFrameworksBuildPhase;
			buildActionMask = 2147483647;
			files = (
			);
			runOnlyForDeploymentPostprocessing = 0;
		};
		1696A59F2AB901B4005CE285 /* Frameworks */ = {
			isa = PBXFrameworksBuildPhase;
			buildActionMask = 2147483647;
			files = (
			);
			runOnlyForDeploymentPostprocessing = 0;
		};
/* End PBXFrameworksBuildPhase section */

/* Begin PBXGroup section */
		1696A57F2AB901B3005CE285 = {
			isa = PBXGroup;
			children = (
				1696A58A2AB901B3005CE285 /* audiofft */,
				1696A59B2AB901B4005CE285 /* audiofftTests */,
				1696A5A52AB901B4005CE285 /* audiofftUITests */,
				1696A5892AB901B3005CE285 /* Products */,
			);
			sourceTree = "<group>";
		};
		1696A5892AB901B3005CE285 /* Products */ = {
			isa = PBXGroup;
			children = (
				1696A5882AB901B3005CE285 /* audiofft.app */,
				1696A5982AB901B4005CE285 /* audiofftTests.xctest */,
				1696A5A22AB901B4005CE285 /* audiofftUITests.xctest */,
			);
			name = Products;
			sourceTree = "<group>";
		};
		1696A58A2AB901B3005CE285 /* audiofft */ = {
			isa = PBXGroup;
			children = (
				1696A58B2AB901B3005CE285 /* audiofftApp.swift */,
				1696A58D2AB901B3005CE285 /* ContentView.swift */,
				1696A5B52AB90341005CE285 /* AudioManager.swift */,
				1696A58F2AB901B4005CE285 /* Assets.xcassets */,
				1696A5912AB901B4005CE285 /* Preview Content */,
			);
			path = audiofft;
			sourceTree = "<group>";
		};
		1696A5912AB901B4005CE285 /* Preview Content */ = {
			isa = PBXGroup;
			children = (
				1696A5922AB901B4005CE285 /* Preview Assets.xcassets */,
			);
			path = "Preview Content";
			sourceTree = "<group>";
		};
		1696A59B2AB901B4005CE285 /* audiofftTests */ = {
			isa = PBXGroup;
			children = (
				1696A59C2AB901B4005CE285 /* audiofftTests.swift */,
			);
			path = audiofftTests;
			sourceTree = "<group>";
		};
		1696A5A52AB901B4005CE285 /* audiofftUITests */ = {
			isa = PBXGroup;
			children = (
				1696A5A62AB901B4005CE285 /* audiofftUITests.swift */,
				1696A5A82AB901B4005CE285 /* audiofftUITestsLaunchTests.swift */,
			);
			path = audiofftUITests;
			sourceTree = "<group>";
		};
/* End PBXGroup section */

/* Begin PBXNativeTarget section */
		1696A5872AB901B3005CE285 /* audiofft */ = {
			isa = PBXNativeTarget;
			buildConfigurationList = 1696A5AC2AB901B4005CE285 /* Build configuration list for PBXNativeTarget "audiofft" */;
			buildPhases = (
				1696A5842AB901B3005CE285 /* Sources */,
				1696A5852AB901B3005CE285 /* Frameworks */,
				1696A5862AB901B3005CE285 /* Resources */,
			);
			buildRules = (
			);
			dependencies = (
			);
			name = audiofft;
			productName = audiofft;
			productReference = 1696A5882AB901B3005CE285 /* audiofft.app */;
			productType = "com.apple.product-type.application";
		};
		1696A5972AB901B4005CE285 /* audiofftTests */ = {
			isa = PBXNativeTarget;
			buildConfigurationList = 1696A5AF2AB901B4005CE285 /* Build configuration list for PBXNativeTarget "audiofftTests" */;
			buildPhases = (
				1696A5942AB901B4005CE285 /* Sources */,
				1696A5952AB901B4005CE285 /* Frameworks */,
				1696A5962AB901B4005CE285 /* Resources */,
			);
			buildRules = (
			);
			dependencies = (
				1696A59A2AB901B4005CE285 /* PBXTargetDependency */,
			);
			name = audiofftTests;
			productName = audiofftTests;
			productReference = 1696A5982AB901B4005CE285 /* audiofftTests.xctest */;
			productType = "com.apple.product-type.bundle.unit-test";
		};
		1696A5A12AB901B4005CE285 /* audiofftUITests */ = {
			isa = PBXNativeTarget;
			buildConfigurationList = 1696A5B22AB901B4005CE285 /* Build configuration list for PBXNativeTarget "audiofftUITests" */;
			buildPhases = (
				1696A59E2AB901B4005CE285 /* Sources */,
				1696A59F2AB901B4005CE285 /* Frameworks */,
				1696A5A02AB901B4005CE285 /* Resources */,
			);
			buildRules = (
			);
			dependencies = (
				1696A5A42AB901B4005CE285 /* PBXTargetDependency */,
			);
			name = audiofftUITests;
			productName = audiofftUITests;
			productReference = 1696A5A22AB901B4005CE285 /* audiofftUITests.xctest */;
			productType = "com.apple.product-type.bundle.ui-testing";
		};
/* End PBXNativeTarget section */

/* Begin PBXProject section */
		1696A5802AB901B3005CE285 /* Project object */ = {
			isa = PBXProject;
			attributes = {
				BuildIndependentTargetsInParallel = 1;
				LastSwiftUpdateCheck = 1430;
				LastUpgradeCheck = 1430;
				TargetAttributes = {
					1696A5872AB901B3005CE285 = {
						CreatedOnToolsVersion = 14.3.1;
					};
					1696A5972AB901B4005CE285 = {
						CreatedOnToolsVersion = 14.3.1;
						TestTargetID = 1696A5872AB901B3005CE285;
					};
					1696A5A12AB901B4005CE285 = {
						CreatedOnToolsVersion = 14.3.1;
						TestTargetID = 1696A5872AB901B3005CE285;
					};
				};
			};
			buildConfigurationList = 1696A5832AB901B3005CE285 /* Build configuration list for PBXProject "audiofft" */;
			compatibilityVersion = "Xcode 14.0";
			developmentRegion = en;
			hasScannedForEncodings = 0;
			knownRegions = (
				en,
				Base,
			);
			mainGroup = 1696A57F2AB901B3005CE285;
			productRefGroup = 1696A5892AB901B3005CE285 /* Products */;
			projectDirPath = "";
			projectRoot = "";
			targets = (
				1696A5872AB901B3005CE285 /* audiofft */,
				1696A5972AB901B4005CE285 /* audiofftTests */,
				1696A5A12AB901B4005CE285 /* audiofftUITests */,
			);
		};
/* End PBXProject section */

/* Begin PBXResourcesBuildPhase section */
		1696A5862AB901B3005CE285 /* Resources */ = {
			isa = PBXResourcesBuildPhase;
			buildActionMask = 2147483647;
			files = (
				1696A5932AB901B4005CE285 /* Preview Assets.xcassets in Resources */,
				1696A5902AB901B4005CE285 /* Assets.xcassets in Resources */,
			);
			runOnlyForDeploymentPostprocessing = 0;
		};
		1696A5962AB901B4005CE285 /* Resources */ = {
			isa = PBXResourcesBuildPhase;
			buildActionMask = 2147483647;
			files = (
			);
			runOnlyForDeploymentPostprocessing = 0;
		};
		1696A5A02AB901B4005CE285 /* Resources */ = {
			isa = PBXResourcesBuildPhase;
			buildActionMask = 2147483647;
			files = (
			);
			runOnlyForDeploymentPostprocessing = 0;
		};
/* End PBXResourcesBuildPhase section */

/* Begin PBXSourcesBuildPhase section */
		1696A5842AB901B3005CE285 /* Sources */ = {
			isa = PBXSourcesBuildPhase;
			buildActionMask = 2147483647;
			files = (
				1696A5B62AB90341005CE285 /* AudioManager.swift in Sources */,
				1696A58E2AB901B3005CE285 /* ContentView.swift in Sources */,
				1696A58C2AB901B3005CE285 /* audiofftApp.swift in Sources */,
			);
			runOnlyForDeploymentPostprocessing = 0;
		};
		1696A5942AB901B4005CE285 /* Sources */ = {
			isa = PBXSourcesBuildPhase;
			buildActionMask = 2147483647;
			files = (
				1696A59D2AB901B4005CE285 /* audiofftTests.swift in Sources */,
			);
			runOnlyForDeploymentPostprocessing = 0;
		};
		1696A59E2AB901B4005CE285 /* Sources */ = {
			isa = PBXSourcesBuildPhase;
			buildActionMask = 2147483647;
			files = (
				1696A5A92AB901B4005CE285 /* audiofftUITestsLaunchTests.swift in Sources */,
				1696A5A72AB901B4005CE285 /* audiofftUITests.swift in Sources */,
			);
			runOnlyForDeploymentPostprocessing = 0;
		};
/* End PBXSourcesBuildPhase section */

/* Begin PBXTargetDependency section */
		1696A59A2AB901B4005CE285 /* PBXTargetDependency */ = {
			isa = PBXTargetDependency;
			target = 1696A5872AB901B3005CE285 /* audiofft */;
			targetProxy = 1696A5992AB901B4005CE285 /* PBXContainerItemProxy */;
		};
		1696A5A42AB901B4005CE285 /* PBXTargetDependency */ = {
			isa = PBXTargetDependency;
			target = 1696A5872AB901B3005CE285 /* audiofft */;
			targetProxy = 1696A5A32AB901B4005CE285 /* PBXContainerItemProxy */;
		};
/* End PBXTargetDependency section */

/* Begin XCBuildConfiguration section */
		1696A5AA2AB901B4005CE285 /* Debug */ = {
			isa = XCBuildConfiguration;
			buildSettings = {
				ALWAYS_SEARCH_USER_PATHS = NO;
				CLANG_ANALYZER_NONNULL = YES;
				CLANG_ANALYZER_NUMBER_OBJECT_CONVERSION = YES_AGGRESSIVE;
				CLANG_CXX_LANGUAGE_STANDARD = "gnu++20";
				CLANG_ENABLE_MODULES = YES;
				CLANG_ENABLE_OBJC_ARC = YES;
				CLANG_ENABLE_OBJC_WEAK = YES;
				CLANG_WARN_BLOCK_CAPTURE_AUTORELEASING = YES;
				CLANG_WARN_BOOL_CONVERSION = YES;
				CLANG_WARN_COMMA = YES;
				CLANG_WARN_CONSTANT_CONVERSION = YES;
				CLANG_WARN_DEPRECATED_OBJC_IMPLEMENTATIONS = YES;
				CLANG_WARN_DIRECT_OBJC_ISA_USAGE = YES_ERROR;
				CLANG_WARN_DOCUMENTATION_COMMENTS = YES;
				CLANG_WARN_EMPTY_BODY = YES;
				CLANG_WARN_ENUM_CONVERSION = YES;
				CLANG_WARN_INFINITE_RECURSION = YES;
				CLANG_WARN_INT_CONVERSION = YES;
				CLANG_WARN_NON_LITERAL_NULL_CONVERSION = YES;
				CLANG_WARN_OBJC_IMPLICIT_RETAIN_SELF = YES;
				CLANG_WARN_OBJC_LITERAL_CONVERSION = YES;
				CLANG_WARN_OBJC_ROOT_CLASS = YES_ERROR;
				CLANG_WARN_QUOTED_INCLUDE_IN_FRAMEWORK_HEADER = YES;
				CLANG_WARN_RANGE_LOOP_ANALYSIS = YES;
				CLANG_WARN_STRICT_PROTOTYPES = YES;
				CLANG_WARN_SUSPICIOUS_MOVE = YES;
				CLANG_WARN_UNGUARDED_AVAILABILITY = YES_AGGRESSIVE;
				CLANG_WARN_UNREACHABLE_CODE = YES;
				CLANG_WARN__DUPLICATE_METHOD_MATCH = YES;
				COPY_PHASE_STRIP = NO;
				DEBUG_INFORMATION_FORMAT = dwarf;
				ENABLE_STRICT_OBJC_MSGSEND = YES;
				ENABLE_TESTABILITY = YES;
				GCC_C_LANGUAGE_STANDARD = gnu11;
				GCC_DYNAMIC_NO_PIC = NO;
				GCC_NO_COMMON_BLOCKS = YES;
				GCC_OPTIMIZATION_LEVEL = 0;
				GCC_PREPROCESSOR_DEFINITIONS = (
					"DEBUG=1",
					"$(inherited)",
				);
				GCC_WARN_64_TO_32_BIT_CONVERSION = YES;
				GCC_WARN_ABOUT_RETURN_TYPE = YES_ERROR;
				GCC_WARN_UNDECLARED_SELECTOR = YES;
				GCC_WARN_UNINITIALIZED_AUTOS = YES_AGGRESSIVE;
				GCC_WARN_UNUSED_FUNCTION = YES;
				GCC_WARN_UNUSED_VARIABLE = YES;
				IPHONEOS_DEPLOYMENT_TARGET = 16.4;
				MTL_ENABLE_DEBUG_INFO = INCLUDE_SOURCE;
				MTL_FAST_MATH = YES;
				ONLY_ACTIVE_ARCH = YES;
				SDKROOT = iphoneos;
				SWIFT_ACTIVE_COMPILATION_CONDITIONS = DEBUG;
				SWIFT_OPTIMIZATION_LEVEL = "-Onone";
			};
			name = Debug;
		};
		1696A5AB2AB901B4005CE285 /* Release */ = {
			isa = XCBuildConfiguration;
			buildSettings = {
				ALWAYS_SEARCH_USER_PATHS = NO;
				CLANG_ANALYZER_NONNULL = YES;
				CLANG_ANALYZER_NUMBER_OBJECT_CONVERSION = YES_AGGRESSIVE;
				CLANG_CXX_LANGUAGE_STANDARD = "gnu++20";
				CLANG_ENABLE_MODULES = YES;
				CLANG_ENABLE_OBJC_ARC = YES;
				CLANG_ENABLE_OBJC_WEAK = YES;
				CLANG_WARN_BLOCK_CAPTURE_AUTORELEASING = YES;
				CLANG_WARN_BOOL_CONVERSION = YES;
				CLANG_WARN_COMMA = YES;
				CLANG_WARN_CONSTANT_CONVERSION = YES;
				CLANG_WARN_DEPRECATED_OBJC_IMPLEMENTATIONS = YES;
				CLANG_WARN_DIRECT_OBJC_ISA_USAGE = YES_ERROR;
				CLANG_WARN_DOCUMENTATION_COMMENTS = YES;
				CLANG_WARN_EMPTY_BODY = YES;
				CLANG_WARN_ENUM_CONVERSION = YES;
				CLANG_WARN_INFINITE_RECURSION = YES;
				CLANG_WARN_INT_CONVERSION = YES;
				CLANG_WARN_NON_LITERAL_NULL_CONVERSION = YES;
				CLANG_WARN_OBJC_IMPLICIT_RETAIN_SELF = YES;
				CLANG_WARN_OBJC_LITERAL_CONVERSION = YES;
				CLANG_WARN_OBJC_ROOT_CLASS = YES_ERROR;
				CLANG_WARN_QUOTED_INCLUDE_IN_FRAMEWORK_HEADER = YES;
				CLANG_WARN_RANGE_LOOP_ANALYSIS = YES;
				CLANG_WARN_STRICT_PROTOTYPES = YES;
				CLANG_WARN_SUSPICIOUS_MOVE = YES;
				CLANG_WARN_UNGUARDED_AVAILABILITY = YES_AGGRESSIVE;
				CLANG_WARN_UNREACHABLE_CODE = YES;
				CLANG_WARN__DUPLICATE_METHOD_MATCH = YES;
				COPY_PHASE_STRIP = NO;
				DEBUG_INFORMATION_FORMAT = "dwarf-with-dsym";
				ENABLE_NS_ASSERTIONS = NO;
				ENABLE_STRICT_OBJC_MSGSEND = YES;
				GCC_C_LANGUAGE_STANDARD = gnu11;
				GCC_NO_COMMON_BLOCKS = YES;
				GCC_WARN_64_TO_32_BIT_CONVERSION = YES;
				GCC_WARN_ABOUT_RETURN_TYPE = YES_ERROR;
				GCC_WARN_UNDECLARED_SELECTOR = YES;
				GCC_WARN_UNINITIALIZED_AUTOS = YES_AGGRESSIVE;
				GCC_WARN_UNUSED_FUNCTION = YES;
				GCC_WARN_UNUSED_VARIABLE = YES;
				IPHONEOS_DEPLOYMENT_TARGET = 16.4;
				MTL_ENABLE_DEBUG_INFO = NO;
				MTL_FAST_MATH = YES;
				SDKROOT = iphoneos;
				SWIFT_COMPILATION_MODE = wholemodule;
				SWIFT_OPTIMIZATION_LEVEL = "-O";
				VALIDATE_PRODUCT = YES;
			};
			name = Release;
		};
		1696A5AD2AB901B4005CE285 /* Debug */ = {
			isa = XCBuildConfiguration;
			buildSettings = {
				ASSETCATALOG_COMPILER_APPICON_NAME = AppIcon;
				ASSETCATALOG_COMPILER_GLOBAL_ACCENT_COLOR_NAME = AccentColor;
				CODE_SIGN_STYLE = Automatic;
				CURRENT_PROJECT_VERSION = 1;
				DEVELOPMENT_ASSET_PATHS = "\"audiofft/Preview Content\"";
				DEVELOPMENT_TEAM = U8R8SJMHQ5;
				ENABLE_PREVIEWS = YES;
				GENERATE_INFOPLIST_FILE = YES;
				INFOPLIST_KEY_NSMicrophoneUsageDescription = "Need Mics";
				INFOPLIST_KEY_UIApplicationSceneManifest_Generation = YES;
				INFOPLIST_KEY_UIApplicationSupportsIndirectInputEvents = YES;
				INFOPLIST_KEY_UILaunchScreen_Generation = YES;
				INFOPLIST_KEY_UISupportedInterfaceOrientations_iPad = "UIInterfaceOrientationPortrait UIInterfaceOrientationPortraitUpsideDown UIInterfaceOrientationLandscapeLeft UIInterfaceOrientationLandscapeRight";
				INFOPLIST_KEY_UISupportedInterfaceOrientations_iPhone = "UIInterfaceOrientationPortrait UIInterfaceOrientationLandscapeLeft UIInterfaceOrientationLandscapeRight";
				IPHONEOS_DEPLOYMENT_TARGET = 17.0;
				LD_RUNPATH_SEARCH_PATHS = (
					"$(inherited)",
					"@executable_path/Frameworks",
				);
				MARKETING_VERSION = 1.0;
				PRODUCT_BUNDLE_IDENTIFIER = com.smuciml.audiofft;
				PRODUCT_NAME = "$(TARGET_NAME)";
				SWIFT_EMIT_LOC_STRINGS = YES;
				SWIFT_VERSION = 5.0;
				TARGETED_DEVICE_FAMILY = "1,2";
			};
			name = Debug;
		};
		1696A5AE2AB901B4005CE285 /* Release */ = {
			isa = XCBuildConfiguration;
			buildSettings = {
				ASSETCATALOG_COMPILER_APPICON_NAME = AppIcon;
				ASSETCATALOG_COMPILER_GLOBAL_ACCENT_COLOR_NAME = AccentColor;
				CODE_SIGN_STYLE = Automatic;
				CURRENT_PROJECT_VERSION = 1;
				DEVELOPMENT_ASSET_PATHS = "\"audiofft/Preview Content\"";
				DEVELOPMENT_TEAM = U8R8SJMHQ5;
				ENABLE_PREVIEWS = YES;
				GENERATE_INFOPLIST_FILE = YES;
				INFOPLIST_KEY_NSMicrophoneUsageDescription = "Need Mics";
				INFOPLIST_KEY_UIApplicationSceneManifest_Generation = YES;
				INFOPLIST_KEY_UIApplicationSupportsIndirectInputEvents = YES;
				INFOPLIST_KEY_UILaunchScreen_Generation = YES;
				INFOPLIST_KEY_UISupportedInterfaceOrientations_iPad = "UIInterfaceOrientationPortrait UIInterfaceOrientationPortraitUpsideDown UIInterfaceOrientationLandscapeLeft UIInterfaceOrientationLandscapeRight";
				INFOPLIST_KEY_UISupportedInterfaceOrientations_iPhone = "UIInterfaceOrientationPortrait UIInterfaceOrientationLandscapeLeft UIInterfaceOrientationLandscapeRight";
				IPHONEOS_DEPLOYMENT_TARGET = 17.0;
				LD_RUNPATH_SEARCH_PATHS = (
					"$(inherited)",
					"@executable_path/Frameworks",
				);
				MARKETING_VERSION = 1.0;
				PRODUCT_BUNDLE_IDENTIFIER = com.smuciml.audiofft;
				PRODUCT_NAME = "$(TARGET_NAME)";
				SWIFT_EMIT_LOC_STRINGS = YES;
				SWIFT_VERSION = 5.0;
				TARGETED_DEVICE_FAMILY = "1,2";
			};
			name = Release;
		};
		1696A5B02AB901B4005CE285 /* Debug */ = {
			isa = XCBuildConfiguration;
			buildSettings = {
				ALWAYS_EMBED_SWIFT_STANDARD_LIBRARIES = YES;
				BUNDLE_LOADER = "$(TEST_HOST)";
				CODE_SIGN_STYLE = Automatic;
				CURRENT_PROJECT_VERSION = 1;
				DEVELOPMENT_TEAM = U8R8SJMHQ5;
				GENERATE_INFOPLIST_FILE = YES;
				IPHONEOS_DEPLOYMENT_TARGET = 16.4;
				MARKETING_VERSION = 1.0;
				PRODUCT_BUNDLE_IDENTIFIER = com.smuciml.audiofftTests;
				PRODUCT_NAME = "$(TARGET_NAME)";
				SWIFT_EMIT_LOC_STRINGS = NO;
				SWIFT_VERSION = 5.0;
				TARGETED_DEVICE_FAMILY = "1,2";
				TEST_HOST = "$(BUILT_PRODUCTS_DIR)/audiofft.app/$(BUNDLE_EXECUTABLE_FOLDER_PATH)/audiofft";
			};
			name = Debug;
		};
		1696A5B12AB901B4005CE285 /* Release */ = {
			isa = XCBuildConfiguration;
			buildSettings = {
				ALWAYS_EMBED_SWIFT_STANDARD_LIBRARIES = YES;
				BUNDLE_LOADER = "$(TEST_HOST)";
				CODE_SIGN_STYLE = Automatic;
				CURRENT_PROJECT_VERSION = 1;
				DEVELOPMENT_TEAM = U8R8SJMHQ5;
				GENERATE_INFOPLIST_FILE = YES;
				IPHONEOS_DEPLOYMENT_TARGET = 16.4;
				MARKETING_VERSION = 1.0;
				PRODUCT_BUNDLE_IDENTIFIER = com.smuciml.audiofftTests;
				PRODUCT_NAME = "$(TARGET_NAME)";
				SWIFT_EMIT_LOC_STRINGS = NO;
				SWIFT_VERSION = 5.0;
				TARGETED_DEVICE_FAMILY = "1,2";
				TEST_HOST = "$(BUILT_PRODUCTS_DIR)/audiofft.app/$(BUNDLE_EXECUTABLE_FOLDER_PATH)/audiofft";
			};
			name = Release;
		};
		1696A5B32AB901B4005CE285 /* Debug */ = {
			isa = XCBuildConfiguration;
			buildSettings = {
				ALWAYS_EMBED_SWIFT_STANDARD_LIBRARIES = YES;
				CODE_SIGN_STYLE = Automatic;
				CURRENT_PROJECT_VERSION = 1;
				DEVELOPMENT_TEAM = U8R8SJMHQ5;
				GENERATE_INFOPLIST_FILE = YES;
				MARKETING_VERSION = 1.0;
				PRODUCT_BUNDLE_IDENTIFIER = com.smuciml.audiofftUITests;
				PRODUCT_NAME = "$(TARGET_NAME)";
				SWIFT_EMIT_LOC_STRINGS = NO;
				SWIFT_VERSION = 5.0;
				TARGETED_DEVICE_FAMILY = "1,2";
				TEST_TARGET_NAME = audiofft;
			};
			name = Debug;
		};
		1696A5B42AB901B4005CE285 /* Release */ = {
			isa = XCBuildConfiguration;
			buildSettings = {
				ALWAYS_EMBED_SWIFT_STANDARD_LIBRARIES = YES;
				CODE_SIGN_STYLE = Automatic;
				CURRENT_PROJECT_VERSION = 1;
				DEVELOPMENT_TEAM = U8R8SJMHQ5;
				GENERATE_INFOPLIST_FILE = YES;
				MARKETING_VERSION = 1.0;
				PRODUCT_BUNDLE_IDENTIFIER = com.smuciml.audiofftUITests;
				PRODUCT_NAME = "$(TARGET_NAME)";
				SWIFT_EMIT_LOC_STRINGS = NO;
				SWIFT_VERSION = 5.0;
				TARGETED_DEVICE_FAMILY = "1,2";
				TEST_TARGET_NAME = audiofft;
			};
			name = Release;
		};
/* End XCBuildConfiguration section */

/* Begin XCConfigurationList section */
		1696A5832AB901B3005CE285 /* Build configuration list for PBXProject "audiofft" */ = {
			isa = XCConfigurationList;
			buildConfigurations = (
				1696A5AA2AB901B4005CE285 /* Debug */,
				1696A5AB2AB901B4005CE285 /* Release */,
			);
			defaultConfigurationIsVisible = 0;
			defaultConfigurationName = Release;
		};
		1696A5AC2AB901B4005CE285 /* Build configuration list for PBXNativeTarget "audiofft" */ = {
			isa = XCConfigurationList;
			buildConfigurations = (
				1696A5AD2AB901B4005CE285 /* Debug */,
				1696A5AE2AB901B4005CE285 /* Release */,
			);
			defaultConfigurationIsVisible = 0;
			defaultConfigurationName = Release;
		};
		1696A5AF2AB901B4005CE285 /* Build configuration list for PBXNativeTarget "audiofftTests" */ = {
			isa = XCConfigurationList;
			buildConfigurations = (
				1696A5B02AB901B4005CE285 /* Debug */,
				1696A5B12AB901B4005CE285 /* Release */,
			);
			defaultConfigurationIsVisible = 0;
			defaultConfigurationName = Release;
		};
		1696A5B22AB901B4005CE285 /* Build configuration list for PBXNativeTarget "audiofftUITests" */ = {
			isa = XCConfigurationList;
			buildConfigurations = (
				1696A5B32AB901B4005CE285 /* Debug */,
				1696A5B42AB901B4005CE285 /* Release */,
			);
			defaultConfigurationIsVisible = 0;
			defaultConfigurationName = Release;
		};
/* End XCConfigurationList section */
	};
	rootObject = 1696A5802AB901B3005CE285 /* Project object */;
}
